{
  "name": "tcp.fileclient",
  "version": "1.0.0",
  "lockfileVersion": 3,
  "requires": true,
  "packages": {
    "": {
      "name": "tcp.fileclient",
      "version": "1.0.0",
      "license": "MIT",
      "dependencies": {
        "dotenv": "^16.3.1",
        "shared": "file:../shared"
      }
    },
    "../..": {
      "version": "1.0.0",
      "license": "MPL-2.0",
      "devDependencies": {
        "@babel/cli": "^7.22.9",
        "@babel/core": "^7.22.9",
        "@babel/preset-env": "^7.22.9",
        "@babel/preset-typescript": "^7.22.5",
        "@babel/register": "^7.22.5",
        "@types/chai": "^4.3.5",
        "@types/mocha": "^10.0.1",
        "@types/node": "^20.5.0",
        "chai": "^4.3.7",
        "chai-bytes": "^0.1.2",
        "mocha": "^10.2.0",
        "typescript": "^5.1.6",
        "winston": "^3.10.0",
        "winston-daily-rotate-file": "^4.7.1"
      }
    },
    "../shared": {
      "version": "1.0.0",
      "license": "MIT",
      "dependencies": {
        "glob": "^10.3.3"
      }
    },
    "node_modules/dotenv": {
      "version": "16.3.1",
      "resolved": "https://registry.npmjs.org/dotenv/-/dotenv-16.3.1.tgz",
      "integrity": "sha512-IPzF4w4/Rd94bA9imS68tZBaYyBWSCE47V1RGuMrB94iyTOIEwRmVL2x/4An+6mETpLrKJ5hQkB8W4kFAadeIQ==",
      "engines": {
        "node": ">=12"
      },
      "funding": {
        "url": "https://github.com/motdotla/dotenv?sponsor=1"
      }
    },
    "node_modules/shared": {
      "resolved": "../shared",
      "link": true
    }
  }
}
